
Microsoft Visual Studio Solution File, Format Version 12.00
# Visual Studio Version 16
VisualStudioVersion = 16.0.31729.503
MinimumVisualStudioVersion = 10.0.40219.1
Project("{FAE04EC0-301F-11D3-BF4B-00C04F79EFBC}") = "Bank", "Bank\Bank.csproj", "{ECB1863B-6768-491D-B230-8224C9E9F1F7}"
EndProject
Global
	GlobalSection(SolutionConfigurationPlatforms) = preSolution
		Debug|Any CPU = Debug|Any CPU
		Release|Any CPU = Release|Any CPU
	EndGlobalSection
	GlobalSection(ProjectConfigurationPlatforms) = postSolution
		{ECB1863B-6768-491D-B230-8224C9E9F1F7}.Debug|Any CPU.ActiveCfg = Debug|Any CPU
		{ECB1863B-6768-491D-B230-8224C9E9F1F7}.Debug|Any CPU.Build.0 = Debug|Any CPU
		{ECB1863B-6768-491D-B230-8224C9E9F1F7}.Release|Any CPU.ActiveCfg = Release|Any CPU
		{ECB1863B-6768-491D-B230-8224C9E9F1F7}.Release|Any CPU.Build.0 = Release|Any CPU
	EndGlobalSection
	GlobalSection(SolutionProperties) = preSolution
		HideSolutionNode = FALSE
	EndGlobalSection
	GlobalSection(ExtensibilityGlobals) = postSolution
		SolutionGuid = {3901C7EB-680C-4465-B910-382529D199E7}
	EndGlobalSection
EndGlobal
